// !$*UTF8*$!
{
	archiveVersion = 1;
	classes = {
	};
	objectVersion = 77;
	objects = {

/* Begin PBXBuildFile section */
		4451F7E82D4EAEE5000F4861 /* Untitled.swift in Sources */ = {isa = PBXBuildFile; fileRef = 4451F7E72D4EAED5000F4861 /* Untitled.swift */; };
		4451F7EA2D4EB244000F4861 /* CostomStepper.swift in Sources */ = {isa = PBXBuildFile; fileRef = 4451F7E92D4EB238000F4861 /* CostomStepper.swift */; };
		4451F7EE2D502996000F4861 /* QRcode.swift in Sources */ = {isa = PBXBuildFile; fileRef = 4451F7ED2D50298A000F4861 /* QRcode.swift */; };
		446AF51B2D54328200281CDA /* GameData.swift in Sources */ = {isa = PBXBuildFile; fileRef = 446AF51A2D54327A00281CDA /* GameData.swift */; };
/* End PBXBuildFile section */

/* Begin PBXContainerItemProxy section */
		96614BB32D45357700919675 /* PBXContainerItemProxy */ = {
			isa = PBXContainerItemProxy;
			containerPortal = 96614B932D45357600919675 /* Project object */;
			proxyType = 1;
			remoteGlobalIDString = 96614B9A2D45357600919675;
			remoteInfo = "2025-iOS-Scouting-App";
		};
		96614BBD2D45357700919675 /* PBXContainerItemProxy */ = {
			isa = PBXContainerItemProxy;
			containerPortal = 96614B932D45357600919675 /* Project object */;
			proxyType = 1;
			remoteGlobalIDString = 96614B9A2D45357600919675;
			remoteInfo = "2025-iOS-Scouting-App";
		};
/* End PBXContainerItemProxy section */

/* Begin PBXFileReference section */
		4451F7E72D4EAED5000F4861 /* Untitled.swift */ = {isa = PBXFileReference; lastKnownFileType = sourcecode.swift; path = Untitled.swift; sourceTree = "<group>"; };
		4451F7E92D4EB238000F4861 /* CostomStepper.swift */ = {isa = PBXFileReference; lastKnownFileType = sourcecode.swift; path = CostomStepper.swift; sourceTree = "<group>"; };
		4451F7ED2D50298A000F4861 /* QRcode.swift */ = {isa = PBXFileReference; lastKnownFileType = sourcecode.swift; path = QRcode.swift; sourceTree = "<group>"; };
		446AF51A2D54327A00281CDA /* GameData.swift */ = {isa = PBXFileReference; lastKnownFileType = sourcecode.swift; path = GameData.swift; sourceTree = "<group>"; };
		96614B9B2D45357600919675 /* 2025-iOS-Scouting-App.app */ = {isa = PBXFileReference; explicitFileType = wrapper.application; includeInIndex = 0; path = "2025-iOS-Scouting-App.app"; sourceTree = BUILT_PRODUCTS_DIR; };
		96614BB22D45357700919675 /* 2025-iOS-Scouting-AppTests.xctest */ = {isa = PBXFileReference; explicitFileType = wrapper.cfbundle; includeInIndex = 0; path = "2025-iOS-Scouting-AppTests.xctest"; sourceTree = BUILT_PRODUCTS_DIR; };
		96614BBC2D45357700919675 /* 2025-iOS-Scouting-AppUITests.xctest */ = {isa = PBXFileReference; explicitFileType = wrapper.cfbundle; includeInIndex = 0; path = "2025-iOS-Scouting-AppUITests.xctest"; sourceTree = BUILT_PRODUCTS_DIR; };
/* End PBXFileReference section */

/* Begin PBXFileSystemSynchronizedBuildFileExceptionSet section */
		96614BC42D45357700919675 /* Exceptions for "2025-iOS-Scouting-App" folder in "2025-iOS-Scouting-App" target */ = {
			isa = PBXFileSystemSynchronizedBuildFileExceptionSet;
			membershipExceptions = (
				Info.plist,
			);
			target = 96614B9A2D45357600919675 /* 2025-iOS-Scouting-App */;
		};
/* End PBXFileSystemSynchronizedBuildFileExceptionSet section */

/* Begin PBXFileSystemSynchronizedRootGroup section */
		96614B9D2D45357600919675 /* 2025-iOS-Scouting-App */ = {
			isa = PBXFileSystemSynchronizedRootGroup;
			exceptions = (
				96614BC42D45357700919675 /* Exceptions for "2025-iOS-Scouting-App" folder in "2025-iOS-Scouting-App" target */,
			);
			path = "2025-iOS-Scouting-App";
			sourceTree = "<group>";
		};
		96614BB52D45357700919675 /* 2025-iOS-Scouting-AppTests */ = {
			isa = PBXFileSystemSynchronizedRootGroup;
			path = "2025-iOS-Scouting-AppTests";
			sourceTree = "<group>";
		};
		96614BBF2D45357700919675 /* 2025-iOS-Scouting-AppUITests */ = {
			isa = PBXFileSystemSynchronizedRootGroup;
			path = "2025-iOS-Scouting-AppUITests";
			sourceTree = "<group>";
		};
/* End PBXFileSystemSynchronizedRootGroup section */

/* Begin PBXFrameworksBuildPhase section */
		96614B982D45357600919675 /* Frameworks */ = {
			isa = PBXFrameworksBuildPhase;
			buildActionMask = 2147483647;
			files = (
			);
			runOnlyForDeploymentPostprocessing = 0;
		};
		96614BAF2D45357700919675 /* Frameworks */ = {
			isa = PBXFrameworksBuildPhase;
			buildActionMask = 2147483647;
			files = (
			);
			runOnlyForDeploymentPostprocessing = 0;
		};
		96614BB92D45357700919675 /* Frameworks */ = {
			isa = PBXFrameworksBuildPhase;
			buildActionMask = 2147483647;
			files = (
			);
			runOnlyForDeploymentPostprocessing = 0;
		};
/* End PBXFrameworksBuildPhase section */

/* Begin PBXGroup section */
		96614B922D45357600919675 = {
			isa = PBXGroup;
			children = (
				446AF51A2D54327A00281CDA /* GameData.swift */,
				4451F7ED2D50298A000F4861 /* QRcode.swift */,
				4451F7E92D4EB238000F4861 /* CostomStepper.swift */,
				4451F7E72D4EAED5000F4861 /* Untitled.swift */,
				96614B9D2D45357600919675 /* 2025-iOS-Scouting-App */,
				96614BB52D45357700919675 /* 2025-iOS-Scouting-AppTests */,
				96614BBF2D45357700919675 /* 2025-iOS-Scouting-AppUITests */,
				96614B9C2D45357600919675 /* Products */,
			);
			sourceTree = "<group>";
		};
		96614B9C2D45357600919675 /* Products */ = {
			isa = PBXGroup;
			children = (
				96614B9B2D45357600919675 /* 2025-iOS-Scouting-App.app */,
				96614BB22D45357700919675 /* 2025-iOS-Scouting-AppTests.xctest */,
				96614BBC2D45357700919675 /* 2025-iOS-Scouting-AppUITests.xctest */,
			);
			name = Products;
			sourceTree = "<group>";
		};
/* End PBXGroup section */

/* Begin PBXNativeTarget section */
		96614B9A2D45357600919675 /* 2025-iOS-Scouting-App */ = {
			isa = PBXNativeTarget;
			buildConfigurationList = 96614BC52D45357700919675 /* Build configuration list for PBXNativeTarget "2025-iOS-Scouting-App" */;
			buildPhases = (
				96614B972D45357600919675 /* Sources */,
				96614B982D45357600919675 /* Frameworks */,
				96614B992D45357600919675 /* Resources */,
			);
			buildRules = (
			);
			dependencies = (
			);
			fileSystemSynchronizedGroups = (
				96614B9D2D45357600919675 /* 2025-iOS-Scouting-App */,
			);
			name = "2025-iOS-Scouting-App";
			packageProductDependencies = (
			);
			productName = "2025-iOS-Scouting-App";
			productReference = 96614B9B2D45357600919675 /* 2025-iOS-Scouting-App.app */;
			productType = "com.apple.product-type.application";
		};
		96614BB12D45357700919675 /* 2025-iOS-Scouting-AppTests */ = {
			isa = PBXNativeTarget;
			buildConfigurationList = 96614BCA2D45357700919675 /* Build configuration list for PBXNativeTarget "2025-iOS-Scouting-AppTests" */;
			buildPhases = (
				96614BAE2D45357700919675 /* Sources */,
				96614BAF2D45357700919675 /* Frameworks */,
				96614BB02D45357700919675 /* Resources */,
			);
			buildRules = (
			);
			dependencies = (
				96614BB42D45357700919675 /* PBXTargetDependency */,
			);
			fileSystemSynchronizedGroups = (
				96614BB52D45357700919675 /* 2025-iOS-Scouting-AppTests */,
			);
			name = "2025-iOS-Scouting-AppTests";
			packageProductDependencies = (
			);
			productName = "2025-iOS-Scouting-AppTests";
			productReference = 96614BB22D45357700919675 /* 2025-iOS-Scouting-AppTests.xctest */;
			productType = "com.apple.product-type.bundle.unit-test";
		};
		96614BBB2D45357700919675 /* 2025-iOS-Scouting-AppUITests */ = {
			isa = PBXNativeTarget;
			buildConfigurationList = 96614BCD2D45357700919675 /* Build configuration list for PBXNativeTarget "2025-iOS-Scouting-AppUITests" */;
			buildPhases = (
				96614BB82D45357700919675 /* Sources */,
				96614BB92D45357700919675 /* Frameworks */,
				96614BBA2D45357700919675 /* Resources */,
			);
			buildRules = (
			);
			dependencies = (
				96614BBE2D45357700919675 /* PBXTargetDependency */,
			);
			fileSystemSynchronizedGroups = (
				96614BBF2D45357700919675 /* 2025-iOS-Scouting-AppUITests */,
			);
			name = "2025-iOS-Scouting-AppUITests";
			packageProductDependencies = (
			);
			productName = "2025-iOS-Scouting-AppUITests";
			productReference = 96614BBC2D45357700919675 /* 2025-iOS-Scouting-AppUITests.xctest */;
			productType = "com.apple.product-type.bundle.ui-testing";
		};
/* End PBXNativeTarget section */

/* Begin PBXProject section */
		96614B932D45357600919675 /* Project object */ = {
			isa = PBXProject;
			attributes = {
				BuildIndependentTargetsInParallel = 1;
				LastSwiftUpdateCheck = 1620;
				LastUpgradeCheck = 1620;
				TargetAttributes = {
					96614B9A2D45357600919675 = {
						CreatedOnToolsVersion = 16.2;
					};
					96614BB12D45357700919675 = {
						CreatedOnToolsVersion = 16.2;
						TestTargetID = 96614B9A2D45357600919675;
					};
					96614BBB2D45357700919675 = {
						CreatedOnToolsVersion = 16.2;
						TestTargetID = 96614B9A2D45357600919675;
					};
				};
			};
			buildConfigurationList = 96614B962D45357600919675 /* Build configuration list for PBXProject "2025-iOS-Scouting-App" */;
			developmentRegion = en;
			hasScannedForEncodings = 0;
			knownRegions = (
				en,
				Base,
			);
			mainGroup = 96614B922D45357600919675;
			minimizedProjectReferenceProxies = 1;
			preferredProjectObjectVersion = 77;
			productRefGroup = 96614B9C2D45357600919675 /* Products */;
			projectDirPath = "";
			projectRoot = "";
			targets = (
				96614B9A2D45357600919675 /* 2025-iOS-Scouting-App */,
				96614BB12D45357700919675 /* 2025-iOS-Scouting-AppTests */,
				96614BBB2D45357700919675 /* 2025-iOS-Scouting-AppUITests */,
			);
		};
/* End PBXProject section */

/* Begin PBXResourcesBuildPhase section */
		96614B992D45357600919675 /* Resources */ = {
			isa = PBXResourcesBuildPhase;
			buildActionMask = 2147483647;
			files = (
			);
			runOnlyForDeploymentPostprocessing = 0;
		};
		96614BB02D45357700919675 /* Resources */ = {
			isa = PBXResourcesBuildPhase;
			buildActionMask = 2147483647;
			files = (
			);
			runOnlyForDeploymentPostprocessing = 0;
		};
		96614BBA2D45357700919675 /* Resources */ = {
			isa = PBXResourcesBuildPhase;
			buildActionMask = 2147483647;
			files = (
			);
			runOnlyForDeploymentPostprocessing = 0;
		};
/* End PBXResourcesBuildPhase section */

/* Begin PBXSourcesBuildPhase section */
		96614B972D45357600919675 /* Sources */ = {
			isa = PBXSourcesBuildPhase;
			buildActionMask = 2147483647;
			files = (
				4451F7EA2D4EB244000F4861 /* CostomStepper.swift in Sources */,
				446AF51B2D54328200281CDA /* GameData.swift in Sources */,
				4451F7E82D4EAEE5000F4861 /* Untitled.swift in Sources */,
				4451F7EE2D502996000F4861 /* QRcode.swift in Sources */,
			);
			runOnlyForDeploymentPostprocessing = 0;
		};
		96614BAE2D45357700919675 /* Sources */ = {
			isa = PBXSourcesBuildPhase;
			buildActionMask = 2147483647;
			files = (
			);
			runOnlyForDeploymentPostprocessing = 0;
		};
		96614BB82D45357700919675 /* Sources */ = {
			isa = PBXSourcesBuildPhase;
			buildActionMask = 2147483647;
			files = (
			);
			runOnlyForDeploymentPostprocessing = 0;
		};
/* End PBXSourcesBuildPhase section */

/* Begin PBXTargetDependency section */
		96614BB42D45357700919675 /* PBXTargetDependency */ = {
			isa = PBXTargetDependency;
			target = 96614B9A2D45357600919675 /* 2025-iOS-Scouting-App */;
			targetProxy = 96614BB32D45357700919675 /* PBXContainerItemProxy */;
		};
		96614BBE2D45357700919675 /* PBXTargetDependency */ = {
			isa = PBXTargetDependency;
			target = 96614B9A2D45357600919675 /* 2025-iOS-Scouting-App */;
			targetProxy = 96614BBD2D45357700919675 /* PBXContainerItemProxy */;
		};
/* End PBXTargetDependency section */

/* Begin XCBuildConfiguration section */
		96614BC62D45357700919675 /* Debug */ = {
			isa = XCBuildConfiguration;
			buildSettings = {
				ASSETCATALOG_COMPILER_APPICON_NAME = AppIcon;
				ASSETCATALOG_COMPILER_GLOBAL_ACCENT_COLOR_NAME = AccentColor;
				ASSETCATALOG_COMPILER_INCLUDE_ALL_APPICON_ASSETS = NO;
				CODE_SIGN_ENTITLEMENTS = "2025-iOS-Scouting-App/_025_iOS_Scouting_App.entitlements";
				CODE_SIGN_STYLE = Automatic;
				CURRENT_PROJECT_VERSION = 1;
				DEVELOPMENT_ASSET_PATHS = "\"2025-iOS-Scouting-App/Preview Content\"";
				DEVELOPMENT_TEAM = Y2TT79Z4CR;
				ENABLE_PREVIEWS = YES;
				GENERATE_INFOPLIST_FILE = YES;
				INFOPLIST_FILE = "2025-iOS-Scouting-App/Info.plist";
				INFOPLIST_KEY_CFBundleDisplayName = "Reefscape Scouting 2025";
				INFOPLIST_KEY_UIApplicationSceneManifest_Generation = YES;
				INFOPLIST_KEY_UIApplicationSupportsIndirectInputEvents = YES;
				INFOPLIST_KEY_UILaunchScreen_Generation = YES;
				INFOPLIST_KEY_UISupportedInterfaceOrientations_iPad = "UIInterfaceOrientationPortrait UIInterfaceOrientationPortraitUpsideDown UIInterfaceOrientationLandscapeLeft UIInterfaceOrientationLandscapeRight";
				INFOPLIST_KEY_UISupportedInterfaceOrientations_iPhone = "UIInterfaceOrientationPortrait UIInterfaceOrientationLandscapeLeft UIInterfaceOrientationLandscapeRight";
				LD_RUNPATH_SEARCH_PATHS = (
					"$(inherited)",
					"@executable_path/Frameworks",
				);
				MARKETING_VERSION = 1.0;
				PRODUCT_BUNDLE_IDENTIFIER = "strategy.robostangs.2025-iOS-Scouting-App";
				PRODUCT_NAME = "$(TARGET_NAME)";
				SUPPORTED_PLATFORMS = "iphoneos iphonesimulator";
				SUPPORTS_MACCATALYST = NO;
				SUPPORTS_MAC_DESIGNED_FOR_IPHONE_IPAD = NO;
				SUPPORTS_XR_DESIGNED_FOR_IPHONE_IPAD = NO;
				SWIFT_EMIT_LOC_STRINGS = YES;
				SWIFT_VERSION = 5.0;
				TARGETED_DEVICE_FAMILY = 1;
			};
			name = Debug;
		};
		96614BC72D45357700919675 /* Release */ = {
			isa = XCBuildConfiguration;
			buildSettings = {
				ASSETCATALOG_COMPILER_APPICON_NAME = AppIcon;
				ASSETCATALOG_COMPILER_GLOBAL_ACCENT_COLOR_NAME = AccentColor;
				ASSETCATALOG_COMPILER_INCLUDE_ALL_APPICON_ASSETS = NO;
				CODE_SIGN_ENTITLEMENTS = "2025-iOS-Scouting-App/_025_iOS_Scouting_App.entitlements";
				CODE_SIGN_STYLE = Automatic;
				CURRENT_PROJECT_VERSION = 1;
				DEVELOPMENT_ASSET_PATHS = "\"2025-iOS-Scouting-App/Preview Content\"";
				DEVELOPMENT_TEAM = Y2TT79Z4CR;
				ENABLE_PREVIEWS = YES;
				GENERATE_INFOPLIST_FILE = YES;
				INFOPLIST_FILE = "2025-iOS-Scouting-App/Info.plist";
				INFOPLIST_KEY_CFBundleDisplayName = "Reefscape Scouting 2025";
				INFOPLIST_KEY_UIApplicationSceneManifest_Generation = YES;
				INFOPLIST_KEY_UIApplicationSupportsIndirectInputEvents = YES;
				INFOPLIST_KEY_UILaunchScreen_Generation = YES;
				INFOPLIST_KEY_UISupportedInterfaceOrientations_iPad = "UIInterfaceOrientationPortrait UIInterfaceOrientationPortraitUpsideDown UIInterfaceOrientationLandscapeLeft UIInterfaceOrientationLandscapeRight";
				INFOPLIST_KEY_UISupportedInterfaceOrientations_iPhone = "UIInterfaceOrientationPortrait UIInterfaceOrientationLandscapeLeft UIInterfaceOrientationLandscapeRight";
				LD_RUNPATH_SEARCH_PATHS = (
					"$(inherited)",
					"@executable_path/Frameworks",
				);
				MARKETING_VERSION = 1.0;
				PRODUCT_BUNDLE_IDENTIFIER = "strategy.robostangs.2025-iOS-Scouting-App";
				PRODUCT_NAME = "$(TARGET_NAME)";
				SUPPORTED_PLATFORMS = "iphoneos iphonesimulator";
				SUPPORTS_MACCATALYST = NO;
				SUPPORTS_MAC_DESIGNED_FOR_IPHONE_IPAD = NO;
				SUPPORTS_XR_DESIGNED_FOR_IPHONE_IPAD = NO;
				SWIFT_EMIT_LOC_STRINGS = YES;
				SWIFT_VERSION = 5.0;
				TARGETED_DEVICE_FAMILY = 1;
			};
			name = Release;
		};
		96614BC82D45357700919675 /* Debug */ = {
			isa = XCBuildConfiguration;
			buildSettings = {
				ALWAYS_SEARCH_USER_PATHS = NO;
				ASSETCATALOG_COMPILER_GENERATE_SWIFT_ASSET_SYMBOL_EXTENSIONS = YES;
				CLANG_ANALYZER_NONNULL = YES;
				CLANG_ANALYZER_NUMBER_OBJECT_CONVERSION = YES_AGGRESSIVE;
				CLANG_CXX_LANGUAGE_STANDARD = "gnu++20";
				CLANG_ENABLE_MODULES = YES;
				CLANG_ENABLE_OBJC_ARC = YES;
				CLANG_ENABLE_OBJC_WEAK = YES;
				CLANG_WARN_BLOCK_CAPTURE_AUTORELEASING = YES;
				CLANG_WARN_BOOL_CONVERSION = YES;
				CLANG_WARN_COMMA = YES;
				CLANG_WARN_CONSTANT_CONVERSION = YES;
				CLANG_WARN_DEPRECATED_OBJC_IMPLEMENTATIONS = YES;
				CLANG_WARN_DIRECT_OBJC_ISA_USAGE = YES_ERROR;
				CLANG_WARN_DOCUMENTATION_COMMENTS = YES;
				CLANG_WARN_EMPTY_BODY = YES;
				CLANG_WARN_ENUM_CONVERSION = YES;
				CLANG_WARN_INFINITE_RECURSION = YES;
				CLANG_WARN_INT_CONVERSION = YES;
				CLANG_WARN_NON_LITERAL_NULL_CONVERSION = YES;
				CLANG_WARN_OBJC_IMPLICIT_RETAIN_SELF = YES;
				CLANG_WARN_OBJC_LITERAL_CONVERSION = YES;
				CLANG_WARN_OBJC_ROOT_CLASS = YES_ERROR;
				CLANG_WARN_QUOTED_INCLUDE_IN_FRAMEWORK_HEADER = YES;
				CLANG_WARN_RANGE_LOOP_ANALYSIS = YES;
				CLANG_WARN_STRICT_PROTOTYPES = YES;
				CLANG_WARN_SUSPICIOUS_MOVE = YES;
				CLANG_WARN_UNGUARDED_AVAILABILITY = YES_AGGRESSIVE;
				CLANG_WARN_UNREACHABLE_CODE = YES;
				CLANG_WARN__DUPLICATE_METHOD_MATCH = YES;
				COPY_PHASE_STRIP = NO;
				DEBUG_INFORMATION_FORMAT = dwarf;
				ENABLE_STRICT_OBJC_MSGSEND = YES;
				ENABLE_TESTABILITY = YES;
				ENABLE_USER_SCRIPT_SANDBOXING = YES;
				GCC_C_LANGUAGE_STANDARD = gnu17;
				GCC_DYNAMIC_NO_PIC = NO;
				GCC_NO_COMMON_BLOCKS = YES;
				GCC_OPTIMIZATION_LEVEL = 0;
				GCC_PREPROCESSOR_DEFINITIONS = (
					"DEBUG=1",
					"$(inherited)",
				);
				GCC_WARN_64_TO_32_BIT_CONVERSION = YES;
				GCC_WARN_ABOUT_RETURN_TYPE = YES_ERROR;
				GCC_WARN_UNDECLARED_SELECTOR = YES;
				GCC_WARN_UNINITIALIZED_AUTOS = YES_AGGRESSIVE;
				GCC_WARN_UNUSED_FUNCTION = YES;
				GCC_WARN_UNUSED_VARIABLE = YES;
				IPHONEOS_DEPLOYMENT_TARGET = 18.2;
				LOCALIZATION_PREFERS_STRING_CATALOGS = YES;
				MTL_ENABLE_DEBUG_INFO = INCLUDE_SOURCE;
				MTL_FAST_MATH = YES;
				ONLY_ACTIVE_ARCH = YES;
				SDKROOT = iphoneos;
				SWIFT_ACTIVE_COMPILATION_CONDITIONS = "DEBUG $(inherited)";
				SWIFT_OPTIMIZATION_LEVEL = "-Onone";
			};
			name = Debug;
		};
		96614BC92D45357700919675 /* Release */ = {
			isa = XCBuildConfiguration;
			buildSettings = {
				ALWAYS_SEARCH_USER_PATHS = NO;
				ASSETCATALOG_COMPILER_GENERATE_SWIFT_ASSET_SYMBOL_EXTENSIONS = YES;
				CLANG_ANALYZER_NONNULL = YES;
				CLANG_ANALYZER_NUMBER_OBJECT_CONVERSION = YES_AGGRESSIVE;
				CLANG_CXX_LANGUAGE_STANDARD = "gnu++20";
				CLANG_ENABLE_MODULES = YES;
				CLANG_ENABLE_OBJC_ARC = YES;
				CLANG_ENABLE_OBJC_WEAK = YES;
				CLANG_WARN_BLOCK_CAPTURE_AUTORELEASING = YES;
				CLANG_WARN_BOOL_CONVERSION = YES;
				CLANG_WARN_COMMA = YES;
				CLANG_WARN_CONSTANT_CONVERSION = YES;
				CLANG_WARN_DEPRECATED_OBJC_IMPLEMENTATIONS = YES;
				CLANG_WARN_DIRECT_OBJC_ISA_USAGE = YES_ERROR;
				CLANG_WARN_DOCUMENTATION_COMMENTS = YES;
				CLANG_WARN_EMPTY_BODY = YES;
				CLANG_WARN_ENUM_CONVERSION = YES;
				CLANG_WARN_INFINITE_RECURSION = YES;
				CLANG_WARN_INT_CONVERSION = YES;
				CLANG_WARN_NON_LITERAL_NULL_CONVERSION = YES;
				CLANG_WARN_OBJC_IMPLICIT_RETAIN_SELF = YES;
				CLANG_WARN_OBJC_LITERAL_CONVERSION = YES;
				CLANG_WARN_OBJC_ROOT_CLASS = YES_ERROR;
				CLANG_WARN_QUOTED_INCLUDE_IN_FRAMEWORK_HEADER = YES;
				CLANG_WARN_RANGE_LOOP_ANALYSIS = YES;
				CLANG_WARN_STRICT_PROTOTYPES = YES;
				CLANG_WARN_SUSPICIOUS_MOVE = YES;
				CLANG_WARN_UNGUARDED_AVAILABILITY = YES_AGGRESSIVE;
				CLANG_WARN_UNREACHABLE_CODE = YES;
				CLANG_WARN__DUPLICATE_METHOD_MATCH = YES;
				COPY_PHASE_STRIP = NO;
				DEBUG_INFORMATION_FORMAT = "dwarf-with-dsym";
				ENABLE_NS_ASSERTIONS = NO;
				ENABLE_STRICT_OBJC_MSGSEND = YES;
				ENABLE_USER_SCRIPT_SANDBOXING = YES;
				GCC_C_LANGUAGE_STANDARD = gnu17;
				GCC_NO_COMMON_BLOCKS = YES;
				GCC_WARN_64_TO_32_BIT_CONVERSION = YES;
				GCC_WARN_ABOUT_RETURN_TYPE = YES_ERROR;
				GCC_WARN_UNDECLARED_SELECTOR = YES;
				GCC_WARN_UNINITIALIZED_AUTOS = YES_AGGRESSIVE;
				GCC_WARN_UNUSED_FUNCTION = YES;
				GCC_WARN_UNUSED_VARIABLE = YES;
				IPHONEOS_DEPLOYMENT_TARGET = 18.2;
				LOCALIZATION_PREFERS_STRING_CATALOGS = YES;
				MTL_ENABLE_DEBUG_INFO = NO;
				MTL_FAST_MATH = YES;
				SDKROOT = iphoneos;
				SWIFT_COMPILATION_MODE = wholemodule;
				VALIDATE_PRODUCT = YES;
			};
			name = Release;
		};
		96614BCB2D45357700919675 /* Debug */ = {
			isa = XCBuildConfiguration;
			buildSettings = {
				BUNDLE_LOADER = "$(TEST_HOST)";
				CODE_SIGN_STYLE = Automatic;
				CURRENT_PROJECT_VERSION = 1;
				GENERATE_INFOPLIST_FILE = YES;
				IPHONEOS_DEPLOYMENT_TARGET = 18.2;
				MARKETING_VERSION = 1.0;
				PRODUCT_BUNDLE_IDENTIFIER = "strategy.robostangs.-025-iOS-Scouting-AppTests";
				PRODUCT_NAME = "$(TARGET_NAME)";
				SWIFT_EMIT_LOC_STRINGS = NO;
				SWIFT_VERSION = 5.0;
				TARGETED_DEVICE_FAMILY = "1,2";
				TEST_HOST = "$(BUILT_PRODUCTS_DIR)/2025-iOS-Scouting-App.app/$(BUNDLE_EXECUTABLE_FOLDER_PATH)/2025-iOS-Scouting-App";
			};
			name = Debug;
		};
		96614BCC2D45357700919675 /* Release */ = {
			isa = XCBuildConfiguration;
			buildSettings = {
				BUNDLE_LOADER = "$(TEST_HOST)";
				CODE_SIGN_STYLE = Automatic;
				CURRENT_PROJECT_VERSION = 1;
				GENERATE_INFOPLIST_FILE = YES;
				IPHONEOS_DEPLOYMENT_TARGET = 18.2;
				MARKETING_VERSION = 1.0;
				PRODUCT_BUNDLE_IDENTIFIER = "strategy.robostangs.-025-iOS-Scouting-AppTests";
				PRODUCT_NAME = "$(TARGET_NAME)";
				SWIFT_EMIT_LOC_STRINGS = NO;
				SWIFT_VERSION = 5.0;
				TARGETED_DEVICE_FAMILY = "1,2";
				TEST_HOST = "$(BUILT_PRODUCTS_DIR)/2025-iOS-Scouting-App.app/$(BUNDLE_EXECUTABLE_FOLDER_PATH)/2025-iOS-Scouting-App";
			};
			name = Release;
		};
		96614BCE2D45357700919675 /* Debug */ = {
			isa = XCBuildConfiguration;
			buildSettings = {
				CODE_SIGN_STYLE = Automatic;
				CURRENT_PROJECT_VERSION = 1;
				GENERATE_INFOPLIST_FILE = YES;
				MARKETING_VERSION = 1.0;
				PRODUCT_BUNDLE_IDENTIFIER = "strategy.robostangs.-025-iOS-Scouting-AppUITests";
				PRODUCT_NAME = "$(TARGET_NAME)";
				SWIFT_EMIT_LOC_STRINGS = NO;
				SWIFT_VERSION = 5.0;
				TARGETED_DEVICE_FAMILY = "1,2";
				TEST_TARGET_NAME = "2025-iOS-Scouting-App";
			};
			name = Debug;
		};
		96614BCF2D45357700919675 /* Release */ = {
			isa = XCBuildConfiguration;
			buildSettings = {
				CODE_SIGN_STYLE = Automatic;
				CURRENT_PROJECT_VERSION = 1;
				GENERATE_INFOPLIST_FILE = YES;
				MARKETING_VERSION = 1.0;
				PRODUCT_BUNDLE_IDENTIFIER = "strategy.robostangs.-025-iOS-Scouting-AppUITests";
				PRODUCT_NAME = "$(TARGET_NAME)";
				SWIFT_EMIT_LOC_STRINGS = NO;
				SWIFT_VERSION = 5.0;
				TARGETED_DEVICE_FAMILY = "1,2";
				TEST_TARGET_NAME = "2025-iOS-Scouting-App";
			};
			name = Release;
		};
/* End XCBuildConfiguration section */

/* Begin XCConfigurationList section */
		96614B962D45357600919675 /* Build configuration list for PBXProject "2025-iOS-Scouting-App" */ = {
			isa = XCConfigurationList;
			buildConfigurations = (
				96614BC82D45357700919675 /* Debug */,
				96614BC92D45357700919675 /* Release */,
			);
			defaultConfigurationIsVisible = 0;
			defaultConfigurationName = Release;
		};
		96614BC52D45357700919675 /* Build configuration list for PBXNativeTarget "2025-iOS-Scouting-App" */ = {
			isa = XCConfigurationList;
			buildConfigurations = (
				96614BC62D45357700919675 /* Debug */,
				96614BC72D45357700919675 /* Release */,
			);
			defaultConfigurationIsVisible = 0;
			defaultConfigurationName = Release;
		};
		96614BCA2D45357700919675 /* Build configuration list for PBXNativeTarget "2025-iOS-Scouting-AppTests" */ = {
			isa = XCConfigurationList;
			buildConfigurations = (
				96614BCB2D45357700919675 /* Debug */,
				96614BCC2D45357700919675 /* Release */,
			);
			defaultConfigurationIsVisible = 0;
			defaultConfigurationName = Release;
		};
		96614BCD2D45357700919675 /* Build configuration list for PBXNativeTarget "2025-iOS-Scouting-AppUITests" */ = {
			isa = XCConfigurationList;
			buildConfigurations = (
				96614BCE2D45357700919675 /* Debug */,
				96614BCF2D45357700919675 /* Release */,
			);
			defaultConfigurationIsVisible = 0;
			defaultConfigurationName = Release;
		};
/* End XCConfigurationList section */
	};
	rootObject = 96614B932D45357600919675 /* Project object */;
}
